// !$*UTF8*$!
{
	archiveVersion = 1;
	classes = {
	};
	objectVersion = 77;
	objects = {

/* Begin PBXBuildFile section */
		065FF28F1425DE15B93B41B8 /* TranscriptionBlockView.swift in Sources */ = {isa = PBXBuildFile; fileRef = E2CF728558E57A7F0F6CBB5E /* TranscriptionBlockView.swift */; };
		0DE7BB336BE131E4A031DCDA /* ExportService.swift in Sources */ = {isa = PBXBuildFile; fileRef = 08BC88F2C3DD6C6558FC27D2 /* ExportService.swift */; };
		134CC06D3248C5C9B9F60026 /* AudioSettingsView.swift in Sources */ = {isa = PBXBuildFile; fileRef = CC0EA1E5CB08CAFF275A4659 /* AudioSettingsView.swift */; };
		1E22A75B413A0AA8C8D724AF /* BiometricAuthService.swift in Sources */ = {isa = PBXBuildFile; fileRef = 3DCF6AAF557E805C5A5D2398 /* BiometricAuthService.swift */; };
		2572F3E4706C2C0D63BCB44C /* Preview Assets.xcassets in Resources */ = {isa = PBXBuildFile; fileRef = F17F867C40F645C3B178D66D /* Preview Assets.xcassets */; };
		28067A4A0C420D6B158583D7 /* AppLockView.swift in Sources */ = {isa = PBXBuildFile; fileRef = CE22D945FCFABCAF91D9EE39 /* AppLockView.swift */; };
		2A585ED585251388AAB37F64 /* TranscriptionCost.swift in Sources */ = {isa = PBXBuildFile; fileRef = C0BD8CB830F0F382AFB7D4B4 /* TranscriptionCost.swift */; };
		2F5A34D1010E490AED80EC18 /* JournalEntry.swift in Sources */ = {isa = PBXBuildFile; fileRef = 14A06A59F39C4D4B0FA3DB4A /* JournalEntry.swift */; };
		35D4EE70661109FA32DF8B9B /* AudioPlaybackService.swift in Sources */ = {isa = PBXBuildFile; fileRef = 9223C82781AB9F09EF95A84F /* AudioPlaybackService.swift */; };
		3760437F9F383F35D9C99073 /* TranscriptionBlock.swift in Sources */ = {isa = PBXBuildFile; fileRef = CE52D70F54F1F2FF5536C01B /* TranscriptionBlock.swift */; };
		3D5C4C8A1565898457274217 /* ShareSheet.swift in Sources */ = {isa = PBXBuildFile; fileRef = 04D0798C37E67019704CA469 /* ShareSheet.swift */; };
		3EB1E2228D87224A7F6E5146 /* KeychainService.swift in Sources */ = {isa = PBXBuildFile; fileRef = D76B1E46CF154D3C3A8CA0F2 /* KeychainService.swift */; };
		46A36A8AE2638143149EA1B4 /* WaveformView.swift in Sources */ = {isa = PBXBuildFile; fileRef = 5318B6B91DD85099CDA52896 /* WaveformView.swift */; };
		4B878B2903D4D497FF306079 /* CostTrackingService.swift in Sources */ = {isa = PBXBuildFile; fileRef = E312966B99E8F79AA47F3BED /* CostTrackingService.swift */; };
		4C7234D2F5159BF204A4C5F2 /* JournalRepository.swift in Sources */ = {isa = PBXBuildFile; fileRef = 3B1ECFA7382B5D9353FD1B01 /* JournalRepository.swift */; };
		50F7F64E0E007D68BEC04D5E /* User.swift in Sources */ = {isa = PBXBuildFile; fileRef = 553C3AD4AAC11F85C44D2508 /* User.swift */; };
		69FC4F3EFD0CBCF78D168717 /* SyncStatusBanner.swift in Sources */ = {isa = PBXBuildFile; fileRef = 2FB8218DA50FE256DDC49300 /* SyncStatusBanner.swift */; };
		6DADBB577C31EC974B8F9E1D /* OpenAIAPIClient.swift in Sources */ = {isa = PBXBuildFile; fileRef = ECC082DCE30EBD8F0A885268 /* OpenAIAPIClient.swift */; };
		6DE23186DC6BB679657926C2 /* SettingsView.swift in Sources */ = {isa = PBXBuildFile; fileRef = 4AA7699403AB113D3850C1CB /* SettingsView.swift */; };
		6FD41D7E6C25AB45FA96D8AD /* OpenAIWhisperService.swift in Sources */ = {isa = PBXBuildFile; fileRef = 0ED3D894BE58A8FD649DAB8D /* OpenAIWhisperService.swift */; };
		784940DEB6A0452C7876A03E /* PersistenceController.swift in Sources */ = {isa = PBXBuildFile; fileRef = 3F38F1C60CB8DC57BEDD35D5 /* PersistenceController.swift */; };
		7A663E37341B5036BA6D796A /* LiquidGlassStyle.swift in Sources */ = {isa = PBXBuildFile; fileRef = 2EC2E8EBC00A2BD19E55E100 /* LiquidGlassStyle.swift */; };
		805D9EEF113E7E4C6B8FF645 /* Assets.xcassets in Resources */ = {isa = PBXBuildFile; fileRef = F714BF61A83BCF901B30F9C6 /* Assets.xcassets */; };
		8120335BE824EBAC73B2FF06 /* AudioStorageService.swift in Sources */ = {isa = PBXBuildFile; fileRef = 5BD7E4858A56C0D468A9A3F9 /* AudioStorageService.swift */; };
		8206B26B277AFB60F776E0C4 /* SearchFilterPanel.swift in Sources */ = {isa = PBXBuildFile; fileRef = 9321FE782C4C93C5E4DA1B5D /* SearchFilterPanel.swift */; };
		8324CF58DCC904DD01EB43F6 /* CloudSyncService.swift in Sources */ = {isa = PBXBuildFile; fileRef = 4A4D3E4118807C489977B2AE /* CloudSyncService.swift */; };
		83484BD1541E075F2EC660C3 /* VoiceInputButtonView.swift in Sources */ = {isa = PBXBuildFile; fileRef = 10E2666258C2D04EB1B05715 /* VoiceInputButtonView.swift */; };
		88598CD1347E6FB244C8FD5C /* UserRepository.swift in Sources */ = {isa = PBXBuildFile; fileRef = D7360C118471A0D2BB1B8CFA /* UserRepository.swift */; };
		8B25AF8373DBF38AF80E25DE /* SearchResultsBanner.swift in Sources */ = {isa = PBXBuildFile; fileRef = F26D3EF06313840923075088 /* SearchResultsBanner.swift */; };
		91FA0A8B5B65889E8630D544 /* SignInView.swift in Sources */ = {isa = PBXBuildFile; fileRef = 4903DA838E6C823DD88C03AB /* SignInView.swift */; };
		927DD55FC6C2B2DC54B1ABCD /* SearchFilter.swift in Sources */ = {isa = PBXBuildFile; fileRef = 673E51F9A5B9CE69CE0C9640 /* SearchFilter.swift */; };
		94A572F890F17B811665588C /* ExportOptionsView.swift in Sources */ = {isa = PBXBuildFile; fileRef = 8057DE899676012DA6380BBC /* ExportOptionsView.swift */; };
		A1E174899BE03124973F52CC /* Cebu.xcdatamodeld in Sources */ = {isa = PBXBuildFile; fileRef = 703C218A89B2B5AA93B17982 /* Cebu.xcdatamodeld */; };
		A86DBF3EA669E39C0B8287FF /* JournalListView.swift in Sources */ = {isa = PBXBuildFile; fileRef = 1B45E71F1684CD0C3F8F91E3 /* JournalListView.swift */; };
		AB602B31755323E46C010E9E /* CloudSyncSettingsView.swift in Sources */ = {isa = PBXBuildFile; fileRef = DD47A220EC31C61D1AE7A2C1 /* CloudSyncSettingsView.swift */; };
		AF2F5A7038CE3220AD27ED18 /* APIKeySettingsView.swift in Sources */ = {isa = PBXBuildFile; fileRef = BE1862DEB12C21789FF872A3 /* APIKeySettingsView.swift */; };
		B7F9289983D6A883CC473C56 /* DayEntryView.swift in Sources */ = {isa = PBXBuildFile; fileRef = 064A0758C4063CB1ED28B576 /* DayEntryView.swift */; };
		CC32CBAA2D30DB1ABADB0F48 /* Colors.swift in Sources */ = {isa = PBXBuildFile; fileRef = 7D3D7FCE5142D87D01505020 /* Colors.swift */; };
		CD8AC40D1DB268657A2D4F44 /* RippleEffect.swift in Sources */ = {isa = PBXBuildFile; fileRef = F0F4254591AAACDB212D4721 /* RippleEffect.swift */; };
		D141BDB89726325CA74BDC12 /* JournalListViewModel.swift in Sources */ = {isa = PBXBuildFile; fileRef = 73FBEFE7215D531B0C892F92 /* JournalListViewModel.swift */; };
		D52C1B3BF1695077ABE1A061 /* ThemeManager.swift in Sources */ = {isa = PBXBuildFile; fileRef = 43C077E70BB3DF819934BEB2 /* ThemeManager.swift */; };
		D5C1CA7E5B1FC1648B9FD63E /* AuthenticationService.swift in Sources */ = {isa = PBXBuildFile; fileRef = 62D8940F277458592E84888F /* AuthenticationService.swift */; };
		D5EE867A3751737755BC29E3 /* RecordingOverlayView.swift in Sources */ = {isa = PBXBuildFile; fileRef = BF30A80650677917CFA6BECB /* RecordingOverlayView.swift */; };
		DAFEA0DF1E2E8F953EF0B809 /* SecuritySettingsView.swift in Sources */ = {isa = PBXBuildFile; fileRef = 7998ECCA81847D3B576AE81F /* SecuritySettingsView.swift */; };
		E4B1F898C82F0C595ED8A290 /* CebuApp.swift in Sources */ = {isa = PBXBuildFile; fileRef = 91363272251C34FFC29415B1 /* CebuApp.swift */; };
		F66DD60F0777608BB5EBCBB0 /* ThemeMode.swift in Sources */ = {isa = PBXBuildFile; fileRef = BD6C1205294D1D952A21EE9F /* ThemeMode.swift */; };
		FC69B1EECB580A282AB7C883 /* LocalAuthService.swift in Sources */ = {isa = PBXBuildFile; fileRef = 24013BDD9C2BD22DCB574EB2 /* LocalAuthService.swift */; };
		FCBB75642EBE936E103A42F4 /* RecordingViewModel.swift in Sources */ = {isa = PBXBuildFile; fileRef = 41A5D2AED5B31233BE1D83A7 /* RecordingViewModel.swift */; };
/* End PBXBuildFile section */

/* Begin PBXFileReference section */
		04D0798C37E67019704CA469 /* ShareSheet.swift */ = {isa = PBXFileReference; lastKnownFileType = sourcecode.swift; path = ShareSheet.swift; sourceTree = "<group>"; };
		064A0758C4063CB1ED28B576 /* DayEntryView.swift */ = {isa = PBXFileReference; lastKnownFileType = sourcecode.swift; path = DayEntryView.swift; sourceTree = "<group>"; };
		08BC88F2C3DD6C6558FC27D2 /* ExportService.swift */ = {isa = PBXFileReference; lastKnownFileType = sourcecode.swift; path = ExportService.swift; sourceTree = "<group>"; };
		0ED3D894BE58A8FD649DAB8D /* OpenAIWhisperService.swift */ = {isa = PBXFileReference; lastKnownFileType = sourcecode.swift; path = OpenAIWhisperService.swift; sourceTree = "<group>"; };
		10E2666258C2D04EB1B05715 /* VoiceInputButtonView.swift */ = {isa = PBXFileReference; lastKnownFileType = sourcecode.swift; path = VoiceInputButtonView.swift; sourceTree = "<group>"; };
		14A06A59F39C4D4B0FA3DB4A /* JournalEntry.swift */ = {isa = PBXFileReference; lastKnownFileType = sourcecode.swift; path = JournalEntry.swift; sourceTree = "<group>"; };
		1B45E71F1684CD0C3F8F91E3 /* JournalListView.swift */ = {isa = PBXFileReference; lastKnownFileType = sourcecode.swift; path = JournalListView.swift; sourceTree = "<group>"; };
		24013BDD9C2BD22DCB574EB2 /* LocalAuthService.swift */ = {isa = PBXFileReference; lastKnownFileType = sourcecode.swift; path = LocalAuthService.swift; sourceTree = "<group>"; };
		2EC2E8EBC00A2BD19E55E100 /* LiquidGlassStyle.swift */ = {isa = PBXFileReference; lastKnownFileType = sourcecode.swift; path = LiquidGlassStyle.swift; sourceTree = "<group>"; };
		2FB8218DA50FE256DDC49300 /* SyncStatusBanner.swift */ = {isa = PBXFileReference; lastKnownFileType = sourcecode.swift; path = SyncStatusBanner.swift; sourceTree = "<group>"; };
		341570133AE48AA302365551 /* Cebu.xcdatamodel */ = {isa = PBXFileReference; lastKnownFileType = wrapper.xcdatamodel; path = Cebu.xcdatamodel; sourceTree = "<group>"; };
		3B1ECFA7382B5D9353FD1B01 /* JournalRepository.swift */ = {isa = PBXFileReference; lastKnownFileType = sourcecode.swift; path = JournalRepository.swift; sourceTree = "<group>"; };
		3DCF6AAF557E805C5A5D2398 /* BiometricAuthService.swift */ = {isa = PBXFileReference; lastKnownFileType = sourcecode.swift; path = BiometricAuthService.swift; sourceTree = "<group>"; };
		3F38F1C60CB8DC57BEDD35D5 /* PersistenceController.swift */ = {isa = PBXFileReference; lastKnownFileType = sourcecode.swift; path = PersistenceController.swift; sourceTree = "<group>"; };
		41A5D2AED5B31233BE1D83A7 /* RecordingViewModel.swift */ = {isa = PBXFileReference; lastKnownFileType = sourcecode.swift; path = RecordingViewModel.swift; sourceTree = "<group>"; };
		43C077E70BB3DF819934BEB2 /* ThemeManager.swift */ = {isa = PBXFileReference; lastKnownFileType = sourcecode.swift; path = ThemeManager.swift; sourceTree = "<group>"; };
		4903DA838E6C823DD88C03AB /* SignInView.swift */ = {isa = PBXFileReference; lastKnownFileType = sourcecode.swift; path = SignInView.swift; sourceTree = "<group>"; };
		4A4D3E4118807C489977B2AE /* CloudSyncService.swift */ = {isa = PBXFileReference; lastKnownFileType = sourcecode.swift; path = CloudSyncService.swift; sourceTree = "<group>"; };
		4AA7699403AB113D3850C1CB /* SettingsView.swift */ = {isa = PBXFileReference; lastKnownFileType = sourcecode.swift; path = SettingsView.swift; sourceTree = "<group>"; };
		4E2F92CA89269C9A54234F38 /* Info.plist */ = {isa = PBXFileReference; lastKnownFileType = text.plist; path = Info.plist; sourceTree = "<group>"; };
		5318B6B91DD85099CDA52896 /* WaveformView.swift */ = {isa = PBXFileReference; lastKnownFileType = sourcecode.swift; path = WaveformView.swift; sourceTree = "<group>"; };
		553C3AD4AAC11F85C44D2508 /* User.swift */ = {isa = PBXFileReference; lastKnownFileType = sourcecode.swift; path = User.swift; sourceTree = "<group>"; };
		5BD7E4858A56C0D468A9A3F9 /* AudioStorageService.swift */ = {isa = PBXFileReference; lastKnownFileType = sourcecode.swift; path = AudioStorageService.swift; sourceTree = "<group>"; };
		62D8940F277458592E84888F /* AuthenticationService.swift */ = {isa = PBXFileReference; lastKnownFileType = sourcecode.swift; path = AuthenticationService.swift; sourceTree = "<group>"; };
		673E51F9A5B9CE69CE0C9640 /* SearchFilter.swift */ = {isa = PBXFileReference; lastKnownFileType = sourcecode.swift; path = SearchFilter.swift; sourceTree = "<group>"; };
		73FBEFE7215D531B0C892F92 /* JournalListViewModel.swift */ = {isa = PBXFileReference; lastKnownFileType = sourcecode.swift; path = JournalListViewModel.swift; sourceTree = "<group>"; };
		762A0EB0E142D1BE564BA9FF /* Cebu.entitlements */ = {isa = PBXFileReference; lastKnownFileType = text.plist.entitlements; path = Cebu.entitlements; sourceTree = "<group>"; };
		7998ECCA81847D3B576AE81F /* SecuritySettingsView.swift */ = {isa = PBXFileReference; lastKnownFileType = sourcecode.swift; path = SecuritySettingsView.swift; sourceTree = "<group>"; };
		7D3D7FCE5142D87D01505020 /* Colors.swift */ = {isa = PBXFileReference; lastKnownFileType = sourcecode.swift; path = Colors.swift; sourceTree = "<group>"; };
		8057DE899676012DA6380BBC /* ExportOptionsView.swift */ = {isa = PBXFileReference; lastKnownFileType = sourcecode.swift; path = ExportOptionsView.swift; sourceTree = "<group>"; };
		91363272251C34FFC29415B1 /* CebuApp.swift */ = {isa = PBXFileReference; lastKnownFileType = sourcecode.swift; path = CebuApp.swift; sourceTree = "<group>"; };
		9223C82781AB9F09EF95A84F /* AudioPlaybackService.swift */ = {isa = PBXFileReference; lastKnownFileType = sourcecode.swift; path = AudioPlaybackService.swift; sourceTree = "<group>"; };
		9321FE782C4C93C5E4DA1B5D /* SearchFilterPanel.swift */ = {isa = PBXFileReference; lastKnownFileType = sourcecode.swift; path = SearchFilterPanel.swift; sourceTree = "<group>"; };
		BD6C1205294D1D952A21EE9F /* ThemeMode.swift */ = {isa = PBXFileReference; lastKnownFileType = sourcecode.swift; path = ThemeMode.swift; sourceTree = "<group>"; };
		BE1862DEB12C21789FF872A3 /* APIKeySettingsView.swift */ = {isa = PBXFileReference; lastKnownFileType = sourcecode.swift; path = APIKeySettingsView.swift; sourceTree = "<group>"; };
		BF30A80650677917CFA6BECB /* RecordingOverlayView.swift */ = {isa = PBXFileReference; lastKnownFileType = sourcecode.swift; path = RecordingOverlayView.swift; sourceTree = "<group>"; };
		C0BD8CB830F0F382AFB7D4B4 /* TranscriptionCost.swift */ = {isa = PBXFileReference; lastKnownFileType = sourcecode.swift; path = TranscriptionCost.swift; sourceTree = "<group>"; };
		CC0EA1E5CB08CAFF275A4659 /* AudioSettingsView.swift */ = {isa = PBXFileReference; lastKnownFileType = sourcecode.swift; path = AudioSettingsView.swift; sourceTree = "<group>"; };
		CE22D945FCFABCAF91D9EE39 /* AppLockView.swift */ = {isa = PBXFileReference; lastKnownFileType = sourcecode.swift; path = AppLockView.swift; sourceTree = "<group>"; };
		CE52D70F54F1F2FF5536C01B /* TranscriptionBlock.swift */ = {isa = PBXFileReference; lastKnownFileType = sourcecode.swift; path = TranscriptionBlock.swift; sourceTree = "<group>"; };
		CEA835FE7969ACAE1F3B3412 /* Cebu.app */ = {isa = PBXFileReference; includeInIndex = 0; lastKnownFileType = wrapper.application; path = Cebu.app; sourceTree = BUILT_PRODUCTS_DIR; };
		D7360C118471A0D2BB1B8CFA /* UserRepository.swift */ = {isa = PBXFileReference; lastKnownFileType = sourcecode.swift; path = UserRepository.swift; sourceTree = "<group>"; };
		D76B1E46CF154D3C3A8CA0F2 /* KeychainService.swift */ = {isa = PBXFileReference; lastKnownFileType = sourcecode.swift; path = KeychainService.swift; sourceTree = "<group>"; };
		DD47A220EC31C61D1AE7A2C1 /* CloudSyncSettingsView.swift */ = {isa = PBXFileReference; lastKnownFileType = sourcecode.swift; path = CloudSyncSettingsView.swift; sourceTree = "<group>"; };
		E2CF728558E57A7F0F6CBB5E /* TranscriptionBlockView.swift */ = {isa = PBXFileReference; lastKnownFileType = sourcecode.swift; path = TranscriptionBlockView.swift; sourceTree = "<group>"; };
		E312966B99E8F79AA47F3BED /* CostTrackingService.swift */ = {isa = PBXFileReference; lastKnownFileType = sourcecode.swift; path = CostTrackingService.swift; sourceTree = "<group>"; };
		ECC082DCE30EBD8F0A885268 /* OpenAIAPIClient.swift */ = {isa = PBXFileReference; lastKnownFileType = sourcecode.swift; path = OpenAIAPIClient.swift; sourceTree = "<group>"; };
		F0F4254591AAACDB212D4721 /* RippleEffect.swift */ = {isa = PBXFileReference; lastKnownFileType = sourcecode.swift; path = RippleEffect.swift; sourceTree = "<group>"; };
		F17F867C40F645C3B178D66D /* Preview Assets.xcassets */ = {isa = PBXFileReference; lastKnownFileType = folder.assetcatalog; path = "Preview Assets.xcassets"; sourceTree = "<group>"; };
		F26D3EF06313840923075088 /* SearchResultsBanner.swift */ = {isa = PBXFileReference; lastKnownFileType = sourcecode.swift; path = SearchResultsBanner.swift; sourceTree = "<group>"; };
		F714BF61A83BCF901B30F9C6 /* Assets.xcassets */ = {isa = PBXFileReference; lastKnownFileType = folder.assetcatalog; path = Assets.xcassets; sourceTree = "<group>"; };
/* End PBXFileReference section */

/* Begin PBXGroup section */
		03BFAA58E6649F142B6D27F8 /* Views */ = {
			isa = PBXGroup;
			children = (
				CE22D945FCFABCAF91D9EE39 /* AppLockView.swift */,
			);
			path = Views;
			sourceTree = "<group>";
		};
		0FA9E92FA12ABDB00059C09B /* Components */ = {
			isa = PBXGroup;
			children = (
				9321FE782C4C93C5E4DA1B5D /* SearchFilterPanel.swift */,
				F26D3EF06313840923075088 /* SearchResultsBanner.swift */,
				04D0798C37E67019704CA469 /* ShareSheet.swift */,
				2FB8218DA50FE256DDC49300 /* SyncStatusBanner.swift */,
			);
			path = Components;
			sourceTree = "<group>";
		};
		12BCD290F4B4378E215B3147 /* Cebu */ = {
			isa = PBXGroup;
			children = (
				F714BF61A83BCF901B30F9C6 /* Assets.xcassets */,
				762A0EB0E142D1BE564BA9FF /* Cebu.entitlements */,
				4E2F92CA89269C9A54234F38 /* Info.plist */,
				2DCB4ACB0089AEDA95DD3FAF /* App */,
				EE51EF34BB67CEFAC236F94D /* Core */,
				5B6F398E00A059AE3BF6558F /* Features */,
				7442F68B691B5C42AD1B5401 /* Preview Content */,
				C113EF4E96D3AA0457FCF15F /* UI */,
			);
			path = Cebu;
			sourceTree = "<group>";
		};
		14433AEA2AE3298623CD0337 /* Models */ = {
			isa = PBXGroup;
			children = (
				14A06A59F39C4D4B0FA3DB4A /* JournalEntry.swift */,
				673E51F9A5B9CE69CE0C9640 /* SearchFilter.swift */,
				BD6C1205294D1D952A21EE9F /* ThemeMode.swift */,
				CE52D70F54F1F2FF5536C01B /* TranscriptionBlock.swift */,
				C0BD8CB830F0F382AFB7D4B4 /* TranscriptionCost.swift */,
				553C3AD4AAC11F85C44D2508 /* User.swift */,
			);
			path = Models;
			sourceTree = "<group>";
		};
		2DCB4ACB0089AEDA95DD3FAF /* App */ = {
			isa = PBXGroup;
			children = (
				91363272251C34FFC29415B1 /* CebuApp.swift */,
			);
			path = App;
			sourceTree = "<group>";
		};
		2DF59D493C32C11E9F53BA16 /* Auth */ = {
			isa = PBXGroup;
			children = (
				03BFAA58E6649F142B6D27F8 /* Views */,
			);
			path = Auth;
			sourceTree = "<group>";
		};
		370B5ACD4C7BE379161F9DA7 = {
			isa = PBXGroup;
			children = (
				12BCD290F4B4378E215B3147 /* Cebu */,
				F28FA8464ECB14DCEE04A0DC /* Products */,
			);
			sourceTree = "<group>";
		};
		4691A44407C1796DDECEB7B2 /* Views */ = {
			isa = PBXGroup;
			children = (
				BE1862DEB12C21789FF872A3 /* APIKeySettingsView.swift */,
				CC0EA1E5CB08CAFF275A4659 /* AudioSettingsView.swift */,
				DD47A220EC31C61D1AE7A2C1 /* CloudSyncSettingsView.swift */,
				7998ECCA81847D3B576AE81F /* SecuritySettingsView.swift */,
				4AA7699403AB113D3850C1CB /* SettingsView.swift */,
			);
			path = Views;
			sourceTree = "<group>";
		};
		479C678AD7BEC367F10E3BFA /* Models */ = {
			isa = PBXGroup;
			children = (
				F0F4254591AAACDB212D4721 /* RippleEffect.swift */,
			);
			path = Models;
			sourceTree = "<group>";
		};
		52D4CA45F472DB84F2DAF6AF /* Authentication */ = {
			isa = PBXGroup;
			children = (
				C09328F153F543CAE4DBACEC /* Views */,
			);
			path = Authentication;
			sourceTree = "<group>";
		};
		5B6F398E00A059AE3BF6558F /* Features */ = {
			isa = PBXGroup;
			children = (
				2DF59D493C32C11E9F53BA16 /* Auth */,
				52D4CA45F472DB84F2DAF6AF /* Authentication */,
				7E807102F821FE31FA5A15ED /* Journal */,
				D1362A7ED7F5C05157C5F38A /* Recording */,
				7B6C7B90C20DAEA100E0D689 /* Settings */,
			);
			path = Features;
			sourceTree = "<group>";
		};
		7442F68B691B5C42AD1B5401 /* Preview Content */ = {
			isa = PBXGroup;
			children = (
				F17F867C40F645C3B178D66D /* Preview Assets.xcassets */,
			);
			path = "Preview Content";
			sourceTree = "<group>";
		};
		7A0093C79034F57524EBC5ED /* Views */ = {
			isa = PBXGroup;
			children = (
				064A0758C4063CB1ED28B576 /* DayEntryView.swift */,
				8057DE899676012DA6380BBC /* ExportOptionsView.swift */,
				1B45E71F1684CD0C3F8F91E3 /* JournalListView.swift */,
				E2CF728558E57A7F0F6CBB5E /* TranscriptionBlockView.swift */,
				0FA9E92FA12ABDB00059C09B /* Components */,
			);
			path = Views;
			sourceTree = "<group>";
		};
		7B6C7B90C20DAEA100E0D689 /* Settings */ = {
			isa = PBXGroup;
			children = (
				4691A44407C1796DDECEB7B2 /* Views */,
			);
			path = Settings;
			sourceTree = "<group>";
		};
		7E807102F821FE31FA5A15ED /* Journal */ = {
			isa = PBXGroup;
			children = (
				D39EEDC6DC320646421CF82F /* ViewModels */,
				7A0093C79034F57524EBC5ED /* Views */,
			);
			path = Journal;
			sourceTree = "<group>";
		};
		84F01C0ADF447026FCCD2C19 /* Networking */ = {
			isa = PBXGroup;
			children = (
				ECC082DCE30EBD8F0A885268 /* OpenAIAPIClient.swift */,
			);
			path = Networking;
			sourceTree = "<group>";
		};
		88905A247A2A1D4BCBE7E020 /* Components */ = {
			isa = PBXGroup;
			children = (
				10E2666258C2D04EB1B05715 /* VoiceInputButtonView.swift */,
				5318B6B91DD85099CDA52896 /* WaveformView.swift */,
			);
			path = Components;
			sourceTree = "<group>";
		};
		8AC64676881A60C7BD68D266 /* Data */ = {
			isa = PBXGroup;
			children = (
				14433AEA2AE3298623CD0337 /* Models */,
				B2719979AA668875BD13F11A /* Persistence */,
				AD1D7B88DA253158281F4240 /* Repositories */,
			);
			path = Data;
			sourceTree = "<group>";
		};
		98C6466FA139D26341A574D9 /* Services */ = {
			isa = PBXGroup;
			children = (
				9223C82781AB9F09EF95A84F /* AudioPlaybackService.swift */,
				5BD7E4858A56C0D468A9A3F9 /* AudioStorageService.swift */,
				62D8940F277458592E84888F /* AuthenticationService.swift */,
				3DCF6AAF557E805C5A5D2398 /* BiometricAuthService.swift */,
				4A4D3E4118807C489977B2AE /* CloudSyncService.swift */,
				E312966B99E8F79AA47F3BED /* CostTrackingService.swift */,
				08BC88F2C3DD6C6558FC27D2 /* ExportService.swift */,
				D76B1E46CF154D3C3A8CA0F2 /* KeychainService.swift */,
				24013BDD9C2BD22DCB574EB2 /* LocalAuthService.swift */,
				0ED3D894BE58A8FD649DAB8D /* OpenAIWhisperService.swift */,
				43C077E70BB3DF819934BEB2 /* ThemeManager.swift */,
			);
			path = Services;
			sourceTree = "<group>";
		};
		AD1D7B88DA253158281F4240 /* Repositories */ = {
			isa = PBXGroup;
			children = (
				3B1ECFA7382B5D9353FD1B01 /* JournalRepository.swift */,
				D7360C118471A0D2BB1B8CFA /* UserRepository.swift */,
			);
			path = Repositories;
			sourceTree = "<group>";
		};
		B2719979AA668875BD13F11A /* Persistence */ = {
			isa = PBXGroup;
			children = (
				703C218A89B2B5AA93B17982 /* Cebu.xcdatamodeld */,
				3F38F1C60CB8DC57BEDD35D5 /* PersistenceController.swift */,
			);
			path = Persistence;
			sourceTree = "<group>";
		};
		B3ED10B24532D01EB6D95567 /* ViewModels */ = {
			isa = PBXGroup;
			children = (
				41A5D2AED5B31233BE1D83A7 /* RecordingViewModel.swift */,
			);
			path = ViewModels;
			sourceTree = "<group>";
		};
		C09328F153F543CAE4DBACEC /* Views */ = {
			isa = PBXGroup;
			children = (
				4903DA838E6C823DD88C03AB /* SignInView.swift */,
			);
			path = Views;
			sourceTree = "<group>";
		};
		C113EF4E96D3AA0457FCF15F /* UI */ = {
			isa = PBXGroup;
			children = (
				88905A247A2A1D4BCBE7E020 /* Components */,
				479C678AD7BEC367F10E3BFA /* Models */,
				EF5B3B8301E7F85F643F9BFF /* Theme */,
			);
			path = UI;
			sourceTree = "<group>";
		};
		D1362A7ED7F5C05157C5F38A /* Recording */ = {
			isa = PBXGroup;
			children = (
				B3ED10B24532D01EB6D95567 /* ViewModels */,
				ECAB7DE1817E416A8E46D83F /* Views */,
			);
			path = Recording;
			sourceTree = "<group>";
		};
		D39EEDC6DC320646421CF82F /* ViewModels */ = {
			isa = PBXGroup;
			children = (
				73FBEFE7215D531B0C892F92 /* JournalListViewModel.swift */,
			);
			path = ViewModels;
			sourceTree = "<group>";
		};
		ECAB7DE1817E416A8E46D83F /* Views */ = {
			isa = PBXGroup;
			children = (
				BF30A80650677917CFA6BECB /* RecordingOverlayView.swift */,
			);
			path = Views;
			sourceTree = "<group>";
		};
		EE51EF34BB67CEFAC236F94D /* Core */ = {
			isa = PBXGroup;
			children = (
				8AC64676881A60C7BD68D266 /* Data */,
				84F01C0ADF447026FCCD2C19 /* Networking */,
				98C6466FA139D26341A574D9 /* Services */,
			);
			path = Core;
			sourceTree = "<group>";
		};
		EF5B3B8301E7F85F643F9BFF /* Theme */ = {
			isa = PBXGroup;
			children = (
				7D3D7FCE5142D87D01505020 /* Colors.swift */,
				2EC2E8EBC00A2BD19E55E100 /* LiquidGlassStyle.swift */,
			);
			path = Theme;
			sourceTree = "<group>";
		};
		F28FA8464ECB14DCEE04A0DC /* Products */ = {
			isa = PBXGroup;
			children = (
				CEA835FE7969ACAE1F3B3412 /* Cebu.app */,
			);
			name = Products;
			sourceTree = "<group>";
		};
		"TEMP_7D7A1651-F2B6-49D2-AD35-515C980CD7B1" /* Utilities */ = {
			isa = PBXGroup;
			children = (
			);
			path = Utilities;
			sourceTree = "<group>";
		};
/* End PBXGroup section */

/* Begin PBXNativeTarget section */
		DE3A1BF1C01F267A878ADC25 /* Cebu */ = {
			isa = PBXNativeTarget;
			buildConfigurationList = 758A15D8500E3E66ACDB5DB8 /* Build configuration list for PBXNativeTarget "Cebu" */;
			buildPhases = (
				7271F8A6B01399630E73E213 /* Sources */,
				BE18A2DD82499213BD98C7D8 /* Resources */,
			);
			buildRules = (
			);
			dependencies = (
			);
			name = Cebu;
			packageProductDependencies = (
			);
			productName = Cebu;
			productReference = CEA835FE7969ACAE1F3B3412 /* Cebu.app */;
			productType = "com.apple.product-type.application";
		};
/* End PBXNativeTarget section */

/* Begin PBXProject section */
		EBE789422CE6F603BC334898 /* Project object */ = {
			isa = PBXProject;
			attributes = {
				BuildIndependentTargetsInParallel = YES;
				LastUpgradeCheck = 1500;
			};
			buildConfigurationList = CCCCFEE505647B6189DCA372 /* Build configuration list for PBXProject "Cebu" */;
			compatibilityVersion = "Xcode 14.0";
			developmentRegion = en;
			hasScannedForEncodings = 0;
			knownRegions = (
				Base,
				en,
			);
			mainGroup = 370B5ACD4C7BE379161F9DA7;
			minimizedProjectReferenceProxies = 1;
			preferredProjectObjectVersion = 77;
			projectDirPath = "";
			projectRoot = "";
			targets = (
				DE3A1BF1C01F267A878ADC25 /* Cebu */,
			);
		};
/* End PBXProject section */

/* Begin PBXResourcesBuildPhase section */
		BE18A2DD82499213BD98C7D8 /* Resources */ = {
			isa = PBXResourcesBuildPhase;
			buildActionMask = 2147483647;
			files = (
				805D9EEF113E7E4C6B8FF645 /* Assets.xcassets in Resources */,
				2572F3E4706C2C0D63BCB44C /* Preview Assets.xcassets in Resources */,
			);
			runOnlyForDeploymentPostprocessing = 0;
		};
/* End PBXResourcesBuildPhase section */

/* Begin PBXSourcesBuildPhase section */
		7271F8A6B01399630E73E213 /* Sources */ = {
			isa = PBXSourcesBuildPhase;
			buildActionMask = 2147483647;
			files = (
				AF2F5A7038CE3220AD27ED18 /* APIKeySettingsView.swift in Sources */,
				28067A4A0C420D6B158583D7 /* AppLockView.swift in Sources */,
				35D4EE70661109FA32DF8B9B /* AudioPlaybackService.swift in Sources */,
				134CC06D3248C5C9B9F60026 /* AudioSettingsView.swift in Sources */,
				8120335BE824EBAC73B2FF06 /* AudioStorageService.swift in Sources */,
				D5C1CA7E5B1FC1648B9FD63E /* AuthenticationService.swift in Sources */,
				1E22A75B413A0AA8C8D724AF /* BiometricAuthService.swift in Sources */,
				A1E174899BE03124973F52CC /* Cebu.xcdatamodeld in Sources */,
				E4B1F898C82F0C595ED8A290 /* CebuApp.swift in Sources */,
				8324CF58DCC904DD01EB43F6 /* CloudSyncService.swift in Sources */,
				AB602B31755323E46C010E9E /* CloudSyncSettingsView.swift in Sources */,
				CC32CBAA2D30DB1ABADB0F48 /* Colors.swift in Sources */,
				4B878B2903D4D497FF306079 /* CostTrackingService.swift in Sources */,
				B7F9289983D6A883CC473C56 /* DayEntryView.swift in Sources */,
				94A572F890F17B811665588C /* ExportOptionsView.swift in Sources */,
				0DE7BB336BE131E4A031DCDA /* ExportService.swift in Sources */,
				2F5A34D1010E490AED80EC18 /* JournalEntry.swift in Sources */,
				A86DBF3EA669E39C0B8287FF /* JournalListView.swift in Sources */,
				D141BDB89726325CA74BDC12 /* JournalListViewModel.swift in Sources */,
				4C7234D2F5159BF204A4C5F2 /* JournalRepository.swift in Sources */,
				3EB1E2228D87224A7F6E5146 /* KeychainService.swift in Sources */,
				7A663E37341B5036BA6D796A /* LiquidGlassStyle.swift in Sources */,
				FC69B1EECB580A282AB7C883 /* LocalAuthService.swift in Sources */,
				6DADBB577C31EC974B8F9E1D /* OpenAIAPIClient.swift in Sources */,
				6FD41D7E6C25AB45FA96D8AD /* OpenAIWhisperService.swift in Sources */,
				784940DEB6A0452C7876A03E /* PersistenceController.swift in Sources */,
				D5EE867A3751737755BC29E3 /* RecordingOverlayView.swift in Sources */,
				FCBB75642EBE936E103A42F4 /* RecordingViewModel.swift in Sources */,
				CD8AC40D1DB268657A2D4F44 /* RippleEffect.swift in Sources */,
				927DD55FC6C2B2DC54B1ABCD /* SearchFilter.swift in Sources */,
				8206B26B277AFB60F776E0C4 /* SearchFilterPanel.swift in Sources */,
				8B25AF8373DBF38AF80E25DE /* SearchResultsBanner.swift in Sources */,
				DAFEA0DF1E2E8F953EF0B809 /* SecuritySettingsView.swift in Sources */,
				6DE23186DC6BB679657926C2 /* SettingsView.swift in Sources */,
				3D5C4C8A1565898457274217 /* ShareSheet.swift in Sources */,
				91FA0A8B5B65889E8630D544 /* SignInView.swift in Sources */,
				69FC4F3EFD0CBCF78D168717 /* SyncStatusBanner.swift in Sources */,
				D52C1B3BF1695077ABE1A061 /* ThemeManager.swift in Sources */,
				F66DD60F0777608BB5EBCBB0 /* ThemeMode.swift in Sources */,
				3760437F9F383F35D9C99073 /* TranscriptionBlock.swift in Sources */,
				065FF28F1425DE15B93B41B8 /* TranscriptionBlockView.swift in Sources */,
				2A585ED585251388AAB37F64 /* TranscriptionCost.swift in Sources */,
				50F7F64E0E007D68BEC04D5E /* User.swift in Sources */,
				88598CD1347E6FB244C8FD5C /* UserRepository.swift in Sources */,
				83484BD1541E075F2EC660C3 /* VoiceInputButtonView.swift in Sources */,
				46A36A8AE2638143149EA1B4 /* WaveformView.swift in Sources */,
			);
			runOnlyForDeploymentPostprocessing = 0;
		};
/* End PBXSourcesBuildPhase section */

/* Begin XCBuildConfiguration section */
		1E02EE51E4D2B04CC7788359 /* Release */ = {
			isa = XCBuildConfiguration;
			buildSettings = {
				ASSETCATALOG_COMPILER_APPICON_NAME = AppIcon;
				CODE_SIGN_IDENTITY = "iPhone Developer";
				DEVELOPMENT_ASSET_PATHS = "\"Cebu/Preview Content\"";
				ENABLE_PREVIEWS = YES;
				INFOPLIST_FILE = Cebu/Info.plist;
				IPHONEOS_DEPLOYMENT_TARGET = 16.0;
				LD_RUNPATH_SEARCH_PATHS = (
					"$(inherited)",
					"@executable_path/Frameworks",
				);
				PRODUCT_BUNDLE_IDENTIFIER = com.tiankaixie.cebu;
				SDKROOT = iphoneos;
				SWIFT_OPTIMIZATION_LEVEL = "-O";
				TARGETED_DEVICE_FAMILY = "1,2";
			};
			name = Release;
		};
		467A010C866854E2F4C0DDA9 /* Debug */ = {
			isa = XCBuildConfiguration;
			buildSettings = {
				ASSETCATALOG_COMPILER_APPICON_NAME = AppIcon;
				CODE_SIGN_IDENTITY = "iPhone Developer";
				DEVELOPMENT_ASSET_PATHS = "\"Cebu/Preview Content\"";
				ENABLE_PREVIEWS = YES;
				INFOPLIST_FILE = Cebu/Info.plist;
				IPHONEOS_DEPLOYMENT_TARGET = 16.0;
				LD_RUNPATH_SEARCH_PATHS = (
					"$(inherited)",
					"@executable_path/Frameworks",
				);
				PRODUCT_BUNDLE_IDENTIFIER = com.tiankaixie.cebu;
				SDKROOT = iphoneos;
				SWIFT_ACTIVE_COMPILATION_CONDITIONS = DEBUG;
				TARGETED_DEVICE_FAMILY = "1,2";
			};
			name = Debug;
		};
		502A63EF259C4E44AF980F3D /* Release */ = {
			isa = XCBuildConfiguration;
			buildSettings = {
				ALWAYS_SEARCH_USER_PATHS = NO;
				CLANG_ANALYZER_NONNULL = YES;
				CLANG_ANALYZER_NUMBER_OBJECT_CONVERSION = YES_AGGRESSIVE;
				CLANG_CXX_LANGUAGE_STANDARD = "gnu++14";
				CLANG_CXX_LIBRARY = "libc++";
				CLANG_ENABLE_MODULES = YES;
				CLANG_ENABLE_OBJC_ARC = YES;
				CLANG_ENABLE_OBJC_WEAK = YES;
				CLANG_WARN_BLOCK_CAPTURE_AUTORELEASING = YES;
				CLANG_WARN_BOOL_CONVERSION = YES;
				CLANG_WARN_COMMA = YES;
				CLANG_WARN_CONSTANT_CONVERSION = YES;
				CLANG_WARN_DEPRECATED_OBJC_IMPLEMENTATIONS = YES;
				CLANG_WARN_DIRECT_OBJC_ISA_USAGE = YES_ERROR;
				CLANG_WARN_DOCUMENTATION_COMMENTS = YES;
				CLANG_WARN_EMPTY_BODY = YES;
				CLANG_WARN_ENUM_CONVERSION = YES;
				CLANG_WARN_INFINITE_RECURSION = YES;
				CLANG_WARN_INT_CONVERSION = YES;
				CLANG_WARN_NON_LITERAL_NULL_CONVERSION = YES;
				CLANG_WARN_OBJC_IMPLICIT_RETAIN_SELF = YES;
				CLANG_WARN_OBJC_LITERAL_CONVERSION = YES;
				CLANG_WARN_OBJC_ROOT_CLASS = YES_ERROR;
				CLANG_WARN_QUOTED_INCLUDE_IN_FRAMEWORK_HEADER = YES;
				CLANG_WARN_RANGE_LOOP_ANALYSIS = YES;
				CLANG_WARN_STRICT_PROTOTYPES = YES;
				CLANG_WARN_SUSPICIOUS_MOVE = YES;
				CLANG_WARN_UNGUARDED_AVAILABILITY = YES_AGGRESSIVE;
				CLANG_WARN_UNREACHABLE_CODE = YES;
				CLANG_WARN__DUPLICATE_METHOD_MATCH = YES;
				COPY_PHASE_STRIP = NO;
				DEBUG_INFORMATION_FORMAT = "dwarf-with-dsym";
				ENABLE_NS_ASSERTIONS = NO;
				ENABLE_STRICT_OBJC_MSGSEND = YES;
				GCC_C_LANGUAGE_STANDARD = gnu11;
				GCC_NO_COMMON_BLOCKS = YES;
				GCC_WARN_64_TO_32_BIT_CONVERSION = YES;
				GCC_WARN_ABOUT_RETURN_TYPE = YES_ERROR;
				GCC_WARN_UNDECLARED_SELECTOR = YES;
				GCC_WARN_UNINITIALIZED_AUTOS = YES_AGGRESSIVE;
				GCC_WARN_UNUSED_FUNCTION = YES;
				GCC_WARN_UNUSED_VARIABLE = YES;
				IPHONEOS_DEPLOYMENT_TARGET = 16.0;
				MTL_ENABLE_DEBUG_INFO = NO;
				MTL_FAST_MATH = YES;
				PRODUCT_NAME = "$(TARGET_NAME)";
				SDKROOT = iphoneos;
				SUPPORTS_MACCATALYST = NO;
				SUPPORTS_MAC_DESIGNED_FOR_IPHONE_IPAD = NO;
				SWIFT_COMPILATION_MODE = wholemodule;
				SWIFT_OPTIMIZATION_LEVEL = "-O";
				SWIFT_VERSION = 5.9;
				TARGETED_DEVICE_FAMILY = 1;
			};
			name = Release;
		};
		6EBC290871E15C50677E6CD4 /* Debug */ = {
			isa = XCBuildConfiguration;
			buildSettings = {
				ALWAYS_SEARCH_USER_PATHS = NO;
				CLANG_ANALYZER_NONNULL = YES;
				CLANG_ANALYZER_NUMBER_OBJECT_CONVERSION = YES_AGGRESSIVE;
				CLANG_CXX_LANGUAGE_STANDARD = "gnu++14";
				CLANG_CXX_LIBRARY = "libc++";
				CLANG_ENABLE_MODULES = YES;
				CLANG_ENABLE_OBJC_ARC = YES;
				CLANG_ENABLE_OBJC_WEAK = YES;
				CLANG_WARN_BLOCK_CAPTURE_AUTORELEASING = YES;
				CLANG_WARN_BOOL_CONVERSION = YES;
				CLANG_WARN_COMMA = YES;
				CLANG_WARN_CONSTANT_CONVERSION = YES;
				CLANG_WARN_DEPRECATED_OBJC_IMPLEMENTATIONS = YES;
				CLANG_WARN_DIRECT_OBJC_ISA_USAGE = YES_ERROR;
				CLANG_WARN_DOCUMENTATION_COMMENTS = YES;
				CLANG_WARN_EMPTY_BODY = YES;
				CLANG_WARN_ENUM_CONVERSION = YES;
				CLANG_WARN_INFINITE_RECURSION = YES;
				CLANG_WARN_INT_CONVERSION = YES;
				CLANG_WARN_NON_LITERAL_NULL_CONVERSION = YES;
				CLANG_WARN_OBJC_IMPLICIT_RETAIN_SELF = YES;
				CLANG_WARN_OBJC_LITERAL_CONVERSION = YES;
				CLANG_WARN_OBJC_ROOT_CLASS = YES_ERROR;
				CLANG_WARN_QUOTED_INCLUDE_IN_FRAMEWORK_HEADER = YES;
				CLANG_WARN_RANGE_LOOP_ANALYSIS = YES;
				CLANG_WARN_STRICT_PROTOTYPES = YES;
				CLANG_WARN_SUSPICIOUS_MOVE = YES;
				CLANG_WARN_UNGUARDED_AVAILABILITY = YES_AGGRESSIVE;
				CLANG_WARN_UNREACHABLE_CODE = YES;
				CLANG_WARN__DUPLICATE_METHOD_MATCH = YES;
				COPY_PHASE_STRIP = NO;
				DEBUG_INFORMATION_FORMAT = dwarf;
				ENABLE_STRICT_OBJC_MSGSEND = YES;
				ENABLE_TESTABILITY = YES;
				GCC_C_LANGUAGE_STANDARD = gnu11;
				GCC_DYNAMIC_NO_PIC = NO;
				GCC_NO_COMMON_BLOCKS = YES;
				GCC_OPTIMIZATION_LEVEL = 0;
				GCC_PREPROCESSOR_DEFINITIONS = (
					"$(inherited)",
					"DEBUG=1",
				);
				GCC_WARN_64_TO_32_BIT_CONVERSION = YES;
				GCC_WARN_ABOUT_RETURN_TYPE = YES_ERROR;
				GCC_WARN_UNDECLARED_SELECTOR = YES;
				GCC_WARN_UNINITIALIZED_AUTOS = YES_AGGRESSIVE;
				GCC_WARN_UNUSED_FUNCTION = YES;
				GCC_WARN_UNUSED_VARIABLE = YES;
				IPHONEOS_DEPLOYMENT_TARGET = 16.0;
				MTL_ENABLE_DEBUG_INFO = INCLUDE_SOURCE;
				MTL_FAST_MATH = YES;
				ONLY_ACTIVE_ARCH = YES;
				PRODUCT_NAME = "$(TARGET_NAME)";
				SDKROOT = iphoneos;
				SUPPORTS_MACCATALYST = NO;
				SUPPORTS_MAC_DESIGNED_FOR_IPHONE_IPAD = NO;
				SWIFT_ACTIVE_COMPILATION_CONDITIONS = DEBUG;
				SWIFT_OPTIMIZATION_LEVEL = "-Onone";
				SWIFT_VERSION = 5.9;
				TARGETED_DEVICE_FAMILY = 1;
			};
			name = Debug;
		};
/* End XCBuildConfiguration section */

/* Begin XCConfigurationList section */
		758A15D8500E3E66ACDB5DB8 /* Build configuration list for PBXNativeTarget "Cebu" */ = {
			isa = XCConfigurationList;
			buildConfigurations = (
				467A010C866854E2F4C0DDA9 /* Debug */,
				1E02EE51E4D2B04CC7788359 /* Release */,
			);
			defaultConfigurationIsVisible = 0;
			defaultConfigurationName = Debug;
		};
		CCCCFEE505647B6189DCA372 /* Build configuration list for PBXProject "Cebu" */ = {
			isa = XCConfigurationList;
			buildConfigurations = (
				6EBC290871E15C50677E6CD4 /* Debug */,
				502A63EF259C4E44AF980F3D /* Release */,
			);
			defaultConfigurationIsVisible = 0;
			defaultConfigurationName = Debug;
		};
/* End XCConfigurationList section */

/* Begin XCVersionGroup section */
		703C218A89B2B5AA93B17982 /* Cebu.xcdatamodeld */ = {
			isa = XCVersionGroup;
			children = (
				341570133AE48AA302365551 /* Cebu.xcdatamodel */,
			);
			currentVersion = 341570133AE48AA302365551 /* Cebu.xcdatamodel */;
			path = Cebu.xcdatamodeld;
			sourceTree = "<group>";
			versionGroupType = wrapper.xcdatamodel;
		};
/* End XCVersionGroup section */
	};
	rootObject = EBE789422CE6F603BC334898 /* Project object */;
}
